
Microsoft Visual Studio Solution File, Format Version 12.00
# Visual Studio Version 16
VisualStudioVersion = 16.0.30804.86
MinimumVisualStudioVersion = 10.0.40219.1
Project("{FAE04EC0-301F-11D3-BF4B-00C04F79EFBC}") = "StudentInfo", "StudentInfo\StudentInfo.csproj", "{E96BFF01-0E16-4651-BC88-C44E5C07AAF0}"
EndProject
Global
	GlobalSection(SolutionConfigurationPlatforms) = preSolution
		Debug|Any CPU = Debug|Any CPU
		Release|Any CPU = Release|Any CPU
	EndGlobalSection
	GlobalSection(ProjectConfigurationPlatforms) = postSolution
		{E96BFF01-0E16-4651-BC88-C44E5C07AAF0}.Debug|Any CPU.ActiveCfg = Debug|Any CPU
		{E96BFF01-0E16-4651-BC88-C44E5C07AAF0}.Debug|Any CPU.Build.0 = Debug|Any CPU
		{E96BFF01-0E16-4651-BC88-C44E5C07AAF0}.Release|Any CPU.ActiveCfg = Release|Any CPU
		{E96BFF01-0E16-4651-BC88-C44E5C07AAF0}.Release|Any CPU.Build.0 = Release|Any CPU
	EndGlobalSection
	GlobalSection(SolutionProperties) = preSolution
		HideSolutionNode = FALSE
	EndGlobalSection
	GlobalSection(ExtensibilityGlobals) = postSolution
		SolutionGuid = {AC80B946-4962-48C7-B27E-C117339DA6DF}
	EndGlobalSection
EndGlobal
